# This file is automatically @generated by Wally.
# It is not intended for manual editing.
registry = "test"

[[package]]
name = "duckarmor/freeze"
version = "0.1.4"
dependencies = [["TestEZ", "roblox/testez@0.4.1"]]

[[package]]
name = "roblox/testez"
version = "0.4.1"
dependencies = []

[[package]]
name = "sleitnick/signal"
version = "2.0.1"
dependencies = []

[[package]]
name = "ytrev/replion"
version = "2.0.0-rc.3"
dependencies = [["Freeze", "duckarmor/freeze@0.1.4"], ["Signal", "sleitnick/signal@2.0.1"]]
